
Microsoft Visual Studio Solution File, Format Version 12.00
Project("{FAE04EC0-301F-11D3-BF4B-00C04F79EFBC}") = "Entities", "Entities\Entities.csproj", "{4B669139-6E9F-4176-B5AA-675CE3B22F58}"
EndProject
Project("{FAE04EC0-301F-11D3-BF4B-00C04F79EFBC}") = "Business", "Business\Business.csproj", "{32356CC2-60EF-4590-9E81-58CBD8B9254A}"
EndProject
Project("{FAE04EC0-301F-11D3-BF4B-00C04F79EFBC}") = "DataAccess", "DataAccess\DataAccess.csproj", "{EF7BFB3E-4FEF-48C1-927B-377AFA153A63}"
EndProject
Project("{FAE04EC0-301F-11D3-BF4B-00C04F79EFBC}") = "Core", "Core\Core.csproj", "{6B2EEE82-6BDB-4CEE-9AF9-4A8B7ADF2031}"
EndProject
Project("{FAE04EC0-301F-11D3-BF4B-00C04F79EFBC}") = "WebApi", "WebApi\WebApi.csproj", "{E9F3EB91-A7C6-4D35-AB26-6FEB9511C6E6}"
EndProject
Global
	GlobalSection(SolutionConfigurationPlatforms) = preSolution
		Debug|Any CPU = Debug|Any CPU
		Release|Any CPU = Release|Any CPU
	EndGlobalSection
	GlobalSection(ProjectConfigurationPlatforms) = postSolution
		{4B669139-6E9F-4176-B5AA-675CE3B22F58}.Debug|Any CPU.ActiveCfg = Debug|Any CPU
		{4B669139-6E9F-4176-B5AA-675CE3B22F58}.Debug|Any CPU.Build.0 = Debug|Any CPU
		{4B669139-6E9F-4176-B5AA-675CE3B22F58}.Release|Any CPU.ActiveCfg = Release|Any CPU
		{4B669139-6E9F-4176-B5AA-675CE3B22F58}.Release|Any CPU.Build.0 = Release|Any CPU
		{32356CC2-60EF-4590-9E81-58CBD8B9254A}.Debug|Any CPU.ActiveCfg = Debug|Any CPU
		{32356CC2-60EF-4590-9E81-58CBD8B9254A}.Debug|Any CPU.Build.0 = Debug|Any CPU
		{32356CC2-60EF-4590-9E81-58CBD8B9254A}.Release|Any CPU.ActiveCfg = Release|Any CPU
		{32356CC2-60EF-4590-9E81-58CBD8B9254A}.Release|Any CPU.Build.0 = Release|Any CPU
		{EF7BFB3E-4FEF-48C1-927B-377AFA153A63}.Debug|Any CPU.ActiveCfg = Debug|Any CPU
		{EF7BFB3E-4FEF-48C1-927B-377AFA153A63}.Debug|Any CPU.Build.0 = Debug|Any CPU
		{EF7BFB3E-4FEF-48C1-927B-377AFA153A63}.Release|Any CPU.ActiveCfg = Release|Any CPU
		{EF7BFB3E-4FEF-48C1-927B-377AFA153A63}.Release|Any CPU.Build.0 = Release|Any CPU
		{6B2EEE82-6BDB-4CEE-9AF9-4A8B7ADF2031}.Debug|Any CPU.ActiveCfg = Debug|Any CPU
		{6B2EEE82-6BDB-4CEE-9AF9-4A8B7ADF2031}.Debug|Any CPU.Build.0 = Debug|Any CPU
		{6B2EEE82-6BDB-4CEE-9AF9-4A8B7ADF2031}.Release|Any CPU.ActiveCfg = Release|Any CPU
		{6B2EEE82-6BDB-4CEE-9AF9-4A8B7ADF2031}.Release|Any CPU.Build.0 = Release|Any CPU
		{E9F3EB91-A7C6-4D35-AB26-6FEB9511C6E6}.Debug|Any CPU.ActiveCfg = Debug|Any CPU
		{E9F3EB91-A7C6-4D35-AB26-6FEB9511C6E6}.Debug|Any CPU.Build.0 = Debug|Any CPU
		{E9F3EB91-A7C6-4D35-AB26-6FEB9511C6E6}.Release|Any CPU.ActiveCfg = Release|Any CPU
		{E9F3EB91-A7C6-4D35-AB26-6FEB9511C6E6}.Release|Any CPU.Build.0 = Release|Any CPU
	EndGlobalSection
EndGlobal
